PODS:
  - iOSSnapshotTestCase (6.0.3.2):
    - iOSSnapshotTestCase/SwiftSupport (= 6.0.3.2)
  - iOSSnapshotTestCase/Core (6.0.3.2)
  - iOSSnapshotTestCase/SwiftSupport (6.0.3.2):
    - iOSSnapshotTestCase/Core

DEPENDENCIES:
  - iOSSnapshotTestCase (from `..`)

EXTERNAL SOURCES:
  iOSSnapshotTestCase:
    :path: ".."

SPEC CHECKSUMS:
  iOSSnapshotTestCase: a64e8124100d296949cc0c3d1a5d5e142fee0f0d

PODFILE CHECKSUM: 907569771e463cb2be2525e4acbddccc975aefd0

COCOAPODS: 1.6.1
