PODS:
  - iOSSnapshotTestCase (6.0.3.1):
    - iOSSnapshotTestCase/SwiftSupport (= 6.0.3.1)
  - iOSSnapshotTestCase/Core (6.0.3.1)
  - iOSSnapshotTestCase/SwiftSupport (6.0.3.1):
    - iOSSnapshotTestCase/Core

DEPENDENCIES:
  - iOSSnapshotTestCase (from `..`)

EXTERNAL SOURCES:
  iOSSnapshotTestCase:
    :path: ".."

SPEC CHECKSUMS:
  iOSSnapshotTestCase: 25696be30b2d49d19046bef18dab8fb962cadb47

PODFILE CHECKSUM: 3cfb4936a589aa465c6539dd9821f63a5df59343

COCOAPODS: 1.6.1
